Microsoft Visual Studio Solution File, Format Version 12.00
# Visual Studio Version 17
VisualStudioVersion = 17.10.34928.147
MinimumVisualStudioVersion = 10.0.40219.1
Project("{FAE04EC0-301F-11D3-BF4B-00C04F79EFBC}") = "L5XInspector.Core", "src\L5XInspector.Core\L5XInspector.Core.csproj", "{3B8204B8-6E12-4B6E-9EAA-5DE6B7F95D8A}"
EndProject
Project("{FAE04EC0-301F-11D3-BF4B-00C04F79EFBC}") = "L5XInspector.Cli", "src\L5XInspector.Cli\L5XInspector.Cli.csproj", "{A6E6A4ED-2B53-4B22-9D6A-7D6279D0EBA5}"
EndProject
Project("{FAE04EC0-301F-11D3-BF4B-00C04F79EFBC}") = "L5XInspector.App", "src\L5XInspector.App\L5XInspector.App.csproj", "{86AA7B62-A9C6-4D53-A62C-8A45F2C0D0D8}"
EndProject
Global
	GlobalSection(SolutionConfigurationPlatforms) = preSolution
		Debug|Any CPU = Debug|Any CPU
		Release|Any CPU = Release|Any CPU
	EndGlobalSection
	GlobalSection(ProjectConfigurationPlatforms) = postSolution
		{3B8204B8-6E12-4B6E-9EAA-5DE6B7F95D8A}.Debug|Any CPU.ActiveCfg = Debug|Any CPU
		{3B8204B8-6E12-4B6E-9EAA-5DE6B7F95D8A}.Debug|Any CPU.Build.0 = Debug|Any CPU
		{3B8204B8-6E12-4B6E-9EAA-5DE6B7F95D8A}.Release|Any CPU.ActiveCfg = Release|Any CPU
		{3B8204B8-6E12-4B6E-9EAA-5DE6B7F95D8A}.Release|Any CPU.Build.0 = Release|Any CPU
		{A6E6A4ED-2B53-4B22-9D6A-7D6279D0EBA5}.Debug|Any CPU.ActiveCfg = Debug|Any CPU
		{A6E6A4ED-2B53-4B22-9D6A-7D6279D0EBA5}.Debug|Any CPU.Build.0 = Debug|Any CPU
		{A6E6A4ED-2B53-4B22-9D6A-7D6279D0EBA5}.Release|Any CPU.ActiveCfg = Release|Any CPU
		{A6E6A4ED-2B53-4B22-9D6A-7D6279D0EBA5}.Release|Any CPU.Build.0 = Release|Any CPU
		{86AA7B62-A9C6-4D53-A62C-8A45F2C0D0D8}.Debug|Any CPU.ActiveCfg = Debug|Any CPU
		{86AA7B62-A9C6-4D53-A62C-8A45F2C0D0D8}.Debug|Any CPU.Build.0 = Debug|Any CPU
		{86AA7B62-A9C6-4D53-A62C-8A45F2C0D0D8}.Release|Any CPU.ActiveCfg = Release|Any CPU
		{86AA7B62-A9C6-4D53-A62C-8A45F2C0D0D8}.Release|Any CPU.Build.0 = Release|Any CPU
	EndGlobalSection
	GlobalSection(SolutionProperties) = preSolution
		HideSolutionNode = FALSE
	EndGlobalSection
EndGlobal
